
Microsoft Visual Studio Solution File, Format Version 12.00
# Visual Studio Version 17
VisualStudioVersion = 17.14.36429.23 d17.14
MinimumVisualStudioVersion = 10.0.40219.1
Project("{FAE04EC0-301F-11D3-BF4B-00C04F79EFBC}") = "Assignment 3", "Assignment 3\Assignment 3.csproj", "{609ED707-0140-4110-900E-DADF5B77496B}"
EndProject
Global
	GlobalSection(SolutionConfigurationPlatforms) = preSolution
		Debug|Any CPU = Debug|Any CPU
		Release|Any CPU = Release|Any CPU
	EndGlobalSection
	GlobalSection(ProjectConfigurationPlatforms) = postSolution
		{609ED707-0140-4110-900E-DADF5B77496B}.Debug|Any CPU.ActiveCfg = Debug|Any CPU
		{609ED707-0140-4110-900E-DADF5B77496B}.Debug|Any CPU.Build.0 = Debug|Any CPU
		{609ED707-0140-4110-900E-DADF5B77496B}.Release|Any CPU.ActiveCfg = Release|Any CPU
		{609ED707-0140-4110-900E-DADF5B77496B}.Release|Any CPU.Build.0 = Release|Any CPU
	EndGlobalSection
	GlobalSection(SolutionProperties) = preSolution
		HideSolutionNode = FALSE
	EndGlobalSection
	GlobalSection(ExtensibilityGlobals) = postSolution
		SolutionGuid = {4B621C0B-8E07-474E-AF5C-C9B81A6671F2}
	EndGlobalSection
EndGlobal
